
Microsoft Visual Studio Solution File, Format Version 12.00
# Visual Studio 14
VisualStudioVersion = 14.0.24720.0
MinimumVisualStudioVersion = 10.0.40219.1
Project("{8BC9CEB8-8B4A-11D0-8D11-00A0C91BC942}") = "kalman-cpp", "kalman-cpp.vcxproj", "{C7B2DEE4-88B9-4146-BFF1-A80462A0C3DF}"
EndProject
Project("{8BC9CEB8-8B4A-11D0-8D11-00A0C91BC942}") = "demo1", "demo1.vcxproj", "{639B2C6F-19CF-43DD-9C45-DB955FC598C8}"
EndProject
Project("{8BC9CEB8-8B4A-11D0-8D11-00A0C91BC942}") = "demo2", "demo2.vcxproj", "{91140F6F-B999-40D1-91BE-4362F3A61811}"
EndProject
Project("{8BC9CEB8-8B4A-11D0-8D11-00A0C91BC942}") = "demo3", "demo3.vcxproj", "{1EC65CCD-AA45-41CD-B1D5-6DD442821981}"
EndProject
Project("{8BC9CEB8-8B4A-11D0-8D11-00A0C91BC942}") = "demo4", "demo4.vcxproj", "{65EE259B-B287-4D6B-83DE-71F3F716B86B}"
EndProject
Project("{8BC9CEB8-8B4A-11D0-8D11-00A0C91BC942}") = "demo5", "demo5.vcxproj", "{10EAF671-03BC-457D-952E-CEF43C309498}"
EndProject
Project("{8BC9CEB8-8B4A-11D0-8D11-00A0C91BC942}") = "demo6", "demo6.vcxproj", "{91E17DCE-F3F1-4439-8321-6C292E1DD267}"
EndProject
Project("{2150E333-8FDC-42A3-9474-1A3956D46DE8}") = "Solution Items", "Solution Items", "{1985DE13-3F7E-4E9F-BC96-73A5519F27A1}"
	ProjectSection(SolutionItems) = preProject
		..\README.md = ..\README.md
	EndProjectSection
EndProject
Project("{8BC9CEB8-8B4A-11D0-8D11-00A0C91BC942}") = "demo8", "demo8.vcxproj", "{5712EF2C-0E91-43CF-BCAB-833A0BF061DF}"
EndProject
Project("{8BC9CEB8-8B4A-11D0-8D11-00A0C91BC942}") = "demo9", "demo9.vcxproj", "{3AE73FE3-719E-4000-9D72-3E07A23D82CB}"
EndProject
Project("{8BC9CEB8-8B4A-11D0-8D11-00A0C91BC942}") = "demo10", "demo10.vcxproj", "{5BFE957D-66CE-472C-99EE-7398BB177C4A}"
EndProject
Project("{8BC9CEB8-8B4A-11D0-8D11-00A0C91BC942}") = "demo11", "demo11.vcxproj", "{13CA5C6A-1163-4DD7-A540-B96073DB8862}"
EndProject
Global
	GlobalSection(SolutionConfigurationPlatforms) = preSolution
		Debug|x64 = Debug|x64
		Debug|x86 = Debug|x86
		Release|x64 = Release|x64
		Release|x86 = Release|x86
	EndGlobalSection
	GlobalSection(ProjectConfigurationPlatforms) = postSolution
		{C7B2DEE4-88B9-4146-BFF1-A80462A0C3DF}.Debug|x64.ActiveCfg = Debug|x64
		{C7B2DEE4-88B9-4146-BFF1-A80462A0C3DF}.Debug|x64.Build.0 = Debug|x64
		{C7B2DEE4-88B9-4146-BFF1-A80462A0C3DF}.Debug|x86.ActiveCfg = Debug|Win32
		{C7B2DEE4-88B9-4146-BFF1-A80462A0C3DF}.Debug|x86.Build.0 = Debug|Win32
		{C7B2DEE4-88B9-4146-BFF1-A80462A0C3DF}.Release|x64.ActiveCfg = Release|x64
		{C7B2DEE4-88B9-4146-BFF1-A80462A0C3DF}.Release|x64.Build.0 = Release|x64
		{C7B2DEE4-88B9-4146-BFF1-A80462A0C3DF}.Release|x86.ActiveCfg = Release|Win32
		{C7B2DEE4-88B9-4146-BFF1-A80462A0C3DF}.Release|x86.Build.0 = Release|Win32
		{639B2C6F-19CF-43DD-9C45-DB955FC598C8}.Debug|x64.ActiveCfg = Debug|x64
		{639B2C6F-19CF-43DD-9C45-DB955FC598C8}.Debug|x64.Build.0 = Debug|x64
		{639B2C6F-19CF-43DD-9C45-DB955FC598C8}.Debug|x86.ActiveCfg = Debug|Win32
		{639B2C6F-19CF-43DD-9C45-DB955FC598C8}.Debug|x86.Build.0 = Debug|Win32
		{639B2C6F-19CF-43DD-9C45-DB955FC598C8}.Release|x64.ActiveCfg = Release|x64
		{639B2C6F-19CF-43DD-9C45-DB955FC598C8}.Release|x64.Build.0 = Release|x64
		{639B2C6F-19CF-43DD-9C45-DB955FC598C8}.Release|x86.ActiveCfg = Release|Win32
		{639B2C6F-19CF-43DD-9C45-DB955FC598C8}.Release|x86.Build.0 = Release|Win32
		{91140F6F-B999-40D1-91BE-4362F3A61811}.Debug|x64.ActiveCfg = Debug|x64
		{91140F6F-B999-40D1-91BE-4362F3A61811}.Debug|x64.Build.0 = Debug|x64
		{91140F6F-B999-40D1-91BE-4362F3A61811}.Debug|x86.ActiveCfg = Debug|Win32
		{91140F6F-B999-40D1-91BE-4362F3A61811}.Debug|x86.Build.0 = Debug|Win32
		{91140F6F-B999-40D1-91BE-4362F3A61811}.Release|x64.ActiveCfg = Release|x64
		{91140F6F-B999-40D1-91BE-4362F3A61811}.Release|x64.Build.0 = Release|x64
		{91140F6F-B999-40D1-91BE-4362F3A61811}.Release|x86.ActiveCfg = Release|Win32
		{91140F6F-B999-40D1-91BE-4362F3A61811}.Release|x86.Build.0 = Release|Win32
		{1EC65CCD-AA45-41CD-B1D5-6DD442821981}.Debug|x64.ActiveCfg = Debug|x64
		{1EC65CCD-AA45-41CD-B1D5-6DD442821981}.Debug|x64.Build.0 = Debug|x64
		{1EC65CCD-AA45-41CD-B1D5-6DD442821981}.Debug|x86.ActiveCfg = Debug|Win32
		{1EC65CCD-AA45-41CD-B1D5-6DD442821981}.Debug|x86.Build.0 = Debug|Win32
		{1EC65CCD-AA45-41CD-B1D5-6DD442821981}.Release|x64.ActiveCfg = Release|x64
		{1EC65CCD-AA45-41CD-B1D5-6DD442821981}.Release|x64.Build.0 = Release|x64
		{1EC65CCD-AA45-41CD-B1D5-6DD442821981}.Release|x86.ActiveCfg = Release|Win32
		{1EC65CCD-AA45-41CD-B1D5-6DD442821981}.Release|x86.Build.0 = Release|Win32
		{65EE259B-B287-4D6B-83DE-71F3F716B86B}.Debug|x64.ActiveCfg = Debug|x64
		{65EE259B-B287-4D6B-83DE-71F3F716B86B}.Debug|x64.Build.0 = Debug|x64
		{65EE259B-B287-4D6B-83DE-71F3F716B86B}.Debug|x86.ActiveCfg = Debug|Win32
		{65EE259B-B287-4D6B-83DE-71F3F716B86B}.Debug|x86.Build.0 = Debug|Win32
		{65EE259B-B287-4D6B-83DE-71F3F716B86B}.Release|x64.ActiveCfg = Release|x64
		{65EE259B-B287-4D6B-83DE-71F3F716B86B}.Release|x64.Build.0 = Release|x64
		{65EE259B-B287-4D6B-83DE-71F3F716B86B}.Release|x86.ActiveCfg = Release|Win32
		{65EE259B-B287-4D6B-83DE-71F3F716B86B}.Release|x86.Build.0 = Release|Win32
		{10EAF671-03BC-457D-952E-CEF43C309498}.Debug|x64.ActiveCfg = Debug|x64
		{10EAF671-03BC-457D-952E-CEF43C309498}.Debug|x64.Build.0 = Debug|x64
		{10EAF671-03BC-457D-952E-CEF43C309498}.Debug|x86.ActiveCfg = Debug|Win32
		{10EAF671-03BC-457D-952E-CEF43C309498}.Debug|x86.Build.0 = Debug|Win32
		{10EAF671-03BC-457D-952E-CEF43C309498}.Release|x64.ActiveCfg = Release|x64
		{10EAF671-03BC-457D-952E-CEF43C309498}.Release|x64.Build.0 = Release|x64
		{10EAF671-03BC-457D-952E-CEF43C309498}.Release|x86.ActiveCfg = Release|Win32
		{10EAF671-03BC-457D-952E-CEF43C309498}.Release|x86.Build.0 = Release|Win32
		{91E17DCE-F3F1-4439-8321-6C292E1DD267}.Debug|x64.ActiveCfg = Debug|x64
		{91E17DCE-F3F1-4439-8321-6C292E1DD267}.Debug|x64.Build.0 = Debug|x64
		{91E17DCE-F3F1-4439-8321-6C292E1DD267}.Debug|x86.ActiveCfg = Debug|Win32
		{91E17DCE-F3F1-4439-8321-6C292E1DD267}.Debug|x86.Build.0 = Debug|Win32
		{91E17DCE-F3F1-4439-8321-6C292E1DD267}.Release|x64.ActiveCfg = Release|x64
		{91E17DCE-F3F1-4439-8321-6C292E1DD267}.Release|x64.Build.0 = Release|x64
		{91E17DCE-F3F1-4439-8321-6C292E1DD267}.Release|x86.ActiveCfg = Release|Win32
		{91E17DCE-F3F1-4439-8321-6C292E1DD267}.Release|x86.Build.0 = Release|Win32
		{5712EF2C-0E91-43CF-BCAB-833A0BF061DF}.Debug|x64.ActiveCfg = Debug|x64
		{5712EF2C-0E91-43CF-BCAB-833A0BF061DF}.Debug|x64.Build.0 = Debug|x64
		{5712EF2C-0E91-43CF-BCAB-833A0BF061DF}.Debug|x86.ActiveCfg = Debug|Win32
		{5712EF2C-0E91-43CF-BCAB-833A0BF061DF}.Debug|x86.Build.0 = Debug|Win32
		{5712EF2C-0E91-43CF-BCAB-833A0BF061DF}.Release|x64.ActiveCfg = Release|x64
		{5712EF2C-0E91-43CF-BCAB-833A0BF061DF}.Release|x64.Build.0 = Release|x64
		{5712EF2C-0E91-43CF-BCAB-833A0BF061DF}.Release|x86.ActiveCfg = Release|Win32
		{5712EF2C-0E91-43CF-BCAB-833A0BF061DF}.Release|x86.Build.0 = Release|Win32
		{3AE73FE3-719E-4000-9D72-3E07A23D82CB}.Debug|x64.ActiveCfg = Debug|x64
		{3AE73FE3-719E-4000-9D72-3E07A23D82CB}.Debug|x64.Build.0 = Debug|x64
		{3AE73FE3-719E-4000-9D72-3E07A23D82CB}.Debug|x86.ActiveCfg = Debug|Win32
		{3AE73FE3-719E-4000-9D72-3E07A23D82CB}.Debug|x86.Build.0 = Debug|Win32
		{3AE73FE3-719E-4000-9D72-3E07A23D82CB}.Release|x64.ActiveCfg = Release|x64
		{3AE73FE3-719E-4000-9D72-3E07A23D82CB}.Release|x64.Build.0 = Release|x64
		{3AE73FE3-719E-4000-9D72-3E07A23D82CB}.Release|x86.ActiveCfg = Release|Win32
		{3AE73FE3-719E-4000-9D72-3E07A23D82CB}.Release|x86.Build.0 = Release|Win32
		{5BFE957D-66CE-472C-99EE-7398BB177C4A}.Debug|x64.ActiveCfg = Debug|x64
		{5BFE957D-66CE-472C-99EE-7398BB177C4A}.Debug|x64.Build.0 = Debug|x64
		{5BFE957D-66CE-472C-99EE-7398BB177C4A}.Debug|x86.ActiveCfg = Debug|Win32
		{5BFE957D-66CE-472C-99EE-7398BB177C4A}.Debug|x86.Build.0 = Debug|Win32
		{5BFE957D-66CE-472C-99EE-7398BB177C4A}.Release|x64.ActiveCfg = Release|x64
		{5BFE957D-66CE-472C-99EE-7398BB177C4A}.Release|x64.Build.0 = Release|x64
		{5BFE957D-66CE-472C-99EE-7398BB177C4A}.Release|x86.ActiveCfg = Release|Win32
		{5BFE957D-66CE-472C-99EE-7398BB177C4A}.Release|x86.Build.0 = Release|Win32
		{13CA5C6A-1163-4DD7-A540-B96073DB8862}.Debug|x64.ActiveCfg = Debug|x64
		{13CA5C6A-1163-4DD7-A540-B96073DB8862}.Debug|x64.Build.0 = Debug|x64
		{13CA5C6A-1163-4DD7-A540-B96073DB8862}.Debug|x86.ActiveCfg = Debug|Win32
		{13CA5C6A-1163-4DD7-A540-B96073DB8862}.Debug|x86.Build.0 = Debug|Win32
		{13CA5C6A-1163-4DD7-A540-B96073DB8862}.Release|x64.ActiveCfg = Release|x64
		{13CA5C6A-1163-4DD7-A540-B96073DB8862}.Release|x64.Build.0 = Release|x64
		{13CA5C6A-1163-4DD7-A540-B96073DB8862}.Release|x86.ActiveCfg = Release|Win32
		{13CA5C6A-1163-4DD7-A540-B96073DB8862}.Release|x86.Build.0 = Release|Win32
	EndGlobalSection
	GlobalSection(SolutionProperties) = preSolution
		HideSolutionNode = FALSE
	EndGlobalSection
EndGlobal
