
Microsoft Visual Studio Solution File, Format Version 10.00
# Visual Studio 2008
Project("{8BC9CEB8-8B4A-11D0-8D11-00A0C91BC942}") = "simple_kalman", "simple_kalman.vcproj", "{C7B2DEE4-88B9-4146-BFF1-A80462A0C3DF}"
EndProject
Project("{8BC9CEB8-8B4A-11D0-8D11-00A0C91BC942}") = "demo1", "demo1.vcproj", "{639B2C6F-19CF-43DD-9C45-DB955FC598C8}"
	ProjectSection(ProjectDependencies) = postProject
		{C7B2DEE4-88B9-4146-BFF1-A80462A0C3DF} = {C7B2DEE4-88B9-4146-BFF1-A80462A0C3DF}
	EndProjectSection
EndProject
Project("{8BC9CEB8-8B4A-11D0-8D11-00A0C91BC942}") = "demo2", "demo2.vcproj", "{91140F6F-B999-40D1-91BE-4362F3A61811}"
	ProjectSection(ProjectDependencies) = postProject
		{C7B2DEE4-88B9-4146-BFF1-A80462A0C3DF} = {C7B2DEE4-88B9-4146-BFF1-A80462A0C3DF}
	EndProjectSection
EndProject
Project("{8BC9CEB8-8B4A-11D0-8D11-00A0C91BC942}") = "demo3", "demo3.vcproj", "{1EC65CCD-AA45-41CD-B1D5-6DD442821981}"
	ProjectSection(ProjectDependencies) = postProject
		{C7B2DEE4-88B9-4146-BFF1-A80462A0C3DF} = {C7B2DEE4-88B9-4146-BFF1-A80462A0C3DF}
	EndProjectSection
EndProject
Project("{8BC9CEB8-8B4A-11D0-8D11-00A0C91BC942}") = "demo4", "demo4.vcproj", "{65EE259B-B287-4D6B-83DE-71F3F716B86B}"
	ProjectSection(ProjectDependencies) = postProject
		{C7B2DEE4-88B9-4146-BFF1-A80462A0C3DF} = {C7B2DEE4-88B9-4146-BFF1-A80462A0C3DF}
	EndProjectSection
EndProject
Project("{8BC9CEB8-8B4A-11D0-8D11-00A0C91BC942}") = "demo5", "demo5.vcproj", "{10EAF671-03BC-457D-952E-CEF43C309498}"
	ProjectSection(ProjectDependencies) = postProject
		{C7B2DEE4-88B9-4146-BFF1-A80462A0C3DF} = {C7B2DEE4-88B9-4146-BFF1-A80462A0C3DF}
	EndProjectSection
EndProject
Global
	GlobalSection(SolutionConfigurationPlatforms) = preSolution
		Debug|Win32 = Debug|Win32
		Release|Win32 = Release|Win32
	EndGlobalSection
	GlobalSection(ProjectConfigurationPlatforms) = postSolution
		{C7B2DEE4-88B9-4146-BFF1-A80462A0C3DF}.Debug|Win32.ActiveCfg = Debug|Win32
		{C7B2DEE4-88B9-4146-BFF1-A80462A0C3DF}.Debug|Win32.Build.0 = Debug|Win32
		{C7B2DEE4-88B9-4146-BFF1-A80462A0C3DF}.Release|Win32.ActiveCfg = Release|Win32
		{C7B2DEE4-88B9-4146-BFF1-A80462A0C3DF}.Release|Win32.Build.0 = Release|Win32
		{639B2C6F-19CF-43DD-9C45-DB955FC598C8}.Debug|Win32.ActiveCfg = Debug|Win32
		{639B2C6F-19CF-43DD-9C45-DB955FC598C8}.Debug|Win32.Build.0 = Debug|Win32
		{639B2C6F-19CF-43DD-9C45-DB955FC598C8}.Release|Win32.ActiveCfg = Release|Win32
		{639B2C6F-19CF-43DD-9C45-DB955FC598C8}.Release|Win32.Build.0 = Release|Win32
		{91140F6F-B999-40D1-91BE-4362F3A61811}.Debug|Win32.ActiveCfg = Debug|Win32
		{91140F6F-B999-40D1-91BE-4362F3A61811}.Debug|Win32.Build.0 = Debug|Win32
		{91140F6F-B999-40D1-91BE-4362F3A61811}.Release|Win32.ActiveCfg = Release|Win32
		{91140F6F-B999-40D1-91BE-4362F3A61811}.Release|Win32.Build.0 = Release|Win32
		{1EC65CCD-AA45-41CD-B1D5-6DD442821981}.Debug|Win32.ActiveCfg = Debug|Win32
		{1EC65CCD-AA45-41CD-B1D5-6DD442821981}.Debug|Win32.Build.0 = Debug|Win32
		{1EC65CCD-AA45-41CD-B1D5-6DD442821981}.Release|Win32.ActiveCfg = Release|Win32
		{1EC65CCD-AA45-41CD-B1D5-6DD442821981}.Release|Win32.Build.0 = Release|Win32
		{65EE259B-B287-4D6B-83DE-71F3F716B86B}.Debug|Win32.ActiveCfg = Debug|Win32
		{65EE259B-B287-4D6B-83DE-71F3F716B86B}.Debug|Win32.Build.0 = Debug|Win32
		{65EE259B-B287-4D6B-83DE-71F3F716B86B}.Release|Win32.ActiveCfg = Release|Win32
		{65EE259B-B287-4D6B-83DE-71F3F716B86B}.Release|Win32.Build.0 = Release|Win32
		{10EAF671-03BC-457D-952E-CEF43C309498}.Debug|Win32.ActiveCfg = Debug|Win32
		{10EAF671-03BC-457D-952E-CEF43C309498}.Debug|Win32.Build.0 = Debug|Win32
		{10EAF671-03BC-457D-952E-CEF43C309498}.Release|Win32.ActiveCfg = Release|Win32
		{10EAF671-03BC-457D-952E-CEF43C309498}.Release|Win32.Build.0 = Release|Win32
	EndGlobalSection
	GlobalSection(SolutionProperties) = preSolution
		HideSolutionNode = FALSE
	EndGlobalSection
EndGlobal
